// !$*UTF8*$!
{
	archiveVersion = 1;
	classes = {
	};
	objectVersion = 46;
	objects = {

/* Begin PBXBuildFile section */
		894B34361C9C9E4800C37019 /* AppDelegate.swift in Sources */ = {isa = PBXBuildFile; fileRef = 894B34351C9C9E4800C37019 /* AppDelegate.swift */; };
		894B34381C9C9E4800C37019 /* ViewController.swift in Sources */ = {isa = PBXBuildFile; fileRef = 894B34371C9C9E4800C37019 /* ViewController.swift */; };
		894B343B1C9C9E4800C37019 /* Main.storyboard in Resources */ = {isa = PBXBuildFile; fileRef = 894B34391C9C9E4800C37019 /* Main.storyboard */; };
		894B343D1C9C9E4800C37019 /* Assets.xcassets in Resources */ = {isa = PBXBuildFile; fileRef = 894B343C1C9C9E4800C37019 /* Assets.xcassets */; };
		894B34401C9C9E4800C37019 /* LaunchScreen.storyboard in Resources */ = {isa = PBXBuildFile; fileRef = 894B343E1C9C9E4800C37019 /* LaunchScreen.storyboard */; };
		894B344B1C9C9E4800C37019 /* Project2Tests.swift in Sources */ = {isa = PBXBuildFile; fileRef = 894B344A1C9C9E4800C37019 /* Project2Tests.swift */; };
		894B34561C9C9E4800C37019 /* Project2UITests.swift in Sources */ = {isa = PBXBuildFile; fileRef = 894B34551C9C9E4800C37019 /* Project2UITests.swift */; };
/* End PBXBuildFile section */

/* Begin PBXContainerItemProxy section */
		894B34471C9C9E4800C37019 /* PBXContainerItemProxy */ = {
			isa = PBXContainerItemProxy;
			containerPortal = 894B342A1C9C9E4800C37019 /* Project object */;
			proxyType = 1;
			remoteGlobalIDString = 894B34311C9C9E4800C37019;
			remoteInfo = Project2;
		};
		894B34521C9C9E4800C37019 /* PBXContainerItemProxy */ = {
			isa = PBXContainerItemProxy;
			containerPortal = 894B342A1C9C9E4800C37019 /* Project object */;
			proxyType = 1;
			remoteGlobalIDString = 894B34311C9C9E4800C37019;
			remoteInfo = Project2;
		};
/* End PBXContainerItemProxy section */

/* Begin PBXFileReference section */
		894B34321C9C9E4800C37019 /* Project2.app */ = {isa = PBXFileReference; explicitFileType = wrapper.application; includeInIndex = 0; path = Project2.app; sourceTree = BUILT_PRODUCTS_DIR; };
		894B34351C9C9E4800C37019 /* AppDelegate.swift */ = {isa = PBXFileReference; lastKnownFileType = sourcecode.swift; path = AppDelegate.swift; sourceTree = "<group>"; };
		894B34371C9C9E4800C37019 /* ViewController.swift */ = {isa = PBXFileReference; lastKnownFileType = sourcecode.swift; path = ViewController.swift; sourceTree = "<group>"; };
		894B343A1C9C9E4800C37019 /* Base */ = {isa = PBXFileReference; lastKnownFileType = file.storyboard; name = Base; path = Base.lproj/Main.storyboard; sourceTree = "<group>"; };
		894B343C1C9C9E4800C37019 /* Assets.xcassets */ = {isa = PBXFileReference; lastKnownFileType = folder.assetcatalog; path = Assets.xcassets; sourceTree = "<group>"; };
		894B343F1C9C9E4800C37019 /* Base */ = {isa = PBXFileReference; lastKnownFileType = file.storyboard; name = Base; path = Base.lproj/LaunchScreen.storyboard; sourceTree = "<group>"; };
		894B34411C9C9E4800C37019 /* Info.plist */ = {isa = PBXFileReference; lastKnownFileType = text.plist.xml; path = Info.plist; sourceTree = "<group>"; };
		894B34461C9C9E4800C37019 /* Project2Tests.xctest */ = {isa = PBXFileReference; explicitFileType = wrapper.cfbundle; includeInIndex = 0; path = Project2Tests.xctest; sourceTree = BUILT_PRODUCTS_DIR; };
		894B344A1C9C9E4800C37019 /* Project2Tests.swift */ = {isa = PBXFileReference; lastKnownFileType = sourcecode.swift; path = Project2Tests.swift; sourceTree = "<group>"; };
		894B344C1C9C9E4800C37019 /* Info.plist */ = {isa = PBXFileReference; lastKnownFileType = text.plist.xml; path = Info.plist; sourceTree = "<group>"; };
		894B34511C9C9E4800C37019 /* Project2UITests.xctest */ = {isa = PBXFileReference; explicitFileType = wrapper.cfbundle; includeInIndex = 0; path = Project2UITests.xctest; sourceTree = BUILT_PRODUCTS_DIR; };
		894B34551C9C9E4800C37019 /* Project2UITests.swift */ = {isa = PBXFileReference; lastKnownFileType = sourcecode.swift; path = Project2UITests.swift; sourceTree = "<group>"; };
		894B34571C9C9E4800C37019 /* Info.plist */ = {isa = PBXFileReference; lastKnownFileType = text.plist.xml; path = Info.plist; sourceTree = "<group>"; };
/* End PBXFileReference section */

/* Begin PBXFrameworksBuildPhase section */
		894B342F1C9C9E4800C37019 /* Frameworks */ = {
			isa = PBXFrameworksBuildPhase;
			buildActionMask = 2147483647;
			files = (
			);
			runOnlyForDeploymentPostprocessing = 0;
		};
		894B34431C9C9E4800C37019 /* Frameworks */ = {
			isa = PBXFrameworksBuildPhase;
			buildActionMask = 2147483647;
			files = (
			);
			runOnlyForDeploymentPostprocessing = 0;
		};
		894B344E1C9C9E4800C37019 /* Frameworks */ = {
			isa = PBXFrameworksBuildPhase;
			buildActionMask = 2147483647;
			files = (
			);
			runOnlyForDeploymentPostprocessing = 0;
		};
/* End PBXFrameworksBuildPhase section */

/* Begin PBXGroup section */
		894B34291C9C9E4800C37019 = {
			isa = PBXGroup;
			children = (
				894B34341C9C9E4800C37019 /* Project2 */,
				894B34491C9C9E4800C37019 /* Project2Tests */,
				894B34541C9C9E4800C37019 /* Project2UITests */,
				894B34331C9C9E4800C37019 /* Products */,
			);
			sourceTree = "<group>";
		};
		894B34331C9C9E4800C37019 /* Products */ = {
			isa = PBXGroup;
			children = (
				894B34321C9C9E4800C37019 /* Project2.app */,
				894B34461C9C9E4800C37019 /* Project2Tests.xctest */,
				894B34511C9C9E4800C37019 /* Project2UITests.xctest */,
			);
			name = Products;
			sourceTree = "<group>";
		};
		894B34341C9C9E4800C37019 /* Project2 */ = {
			isa = PBXGroup;
			children = (
				894B34351C9C9E4800C37019 /* AppDelegate.swift */,
				894B34371C9C9E4800C37019 /* ViewController.swift */,
				894B34391C9C9E4800C37019 /* Main.storyboard */,
				894B343C1C9C9E4800C37019 /* Assets.xcassets */,
				894B343E1C9C9E4800C37019 /* LaunchScreen.storyboard */,
				894B34411C9C9E4800C37019 /* Info.plist */,
			);
			path = Project2;
			sourceTree = "<group>";
		};
		894B34491C9C9E4800C37019 /* Project2Tests */ = {
			isa = PBXGroup;
			children = (
				894B344A1C9C9E4800C37019 /* Project2Tests.swift */,
				894B344C1C9C9E4800C37019 /* Info.plist */,
			);
			path = Project2Tests;
			sourceTree = "<group>";
		};
		894B34541C9C9E4800C37019 /* Project2UITests */ = {
			isa = PBXGroup;
			children = (
				894B34551C9C9E4800C37019 /* Project2UITests.swift */,
				894B34571C9C9E4800C37019 /* Info.plist */,
			);
			path = Project2UITests;
			sourceTree = "<group>";
		};
/* End PBXGroup section */

/* Begin PBXNativeTarget section */
		894B34311C9C9E4800C37019 /* Project2 */ = {
			isa = PBXNativeTarget;
			buildConfigurationList = 894B345A1C9C9E4800C37019 /* Build configuration list for PBXNativeTarget "Project2" */;
			buildPhases = (
				894B342E1C9C9E4800C37019 /* Sources */,
				894B342F1C9C9E4800C37019 /* Frameworks */,
				894B34301C9C9E4800C37019 /* Resources */,
			);
			buildRules = (
			);
			dependencies = (
			);
			name = Project2;
			productName = Project2;
			productReference = 894B34321C9C9E4800C37019 /* Project2.app */;
			productType = "com.apple.product-type.application";
		};
		894B34451C9C9E4800C37019 /* Project2Tests */ = {
			isa = PBXNativeTarget;
			buildConfigurationList = 894B345D1C9C9E4800C37019 /* Build configuration list for PBXNativeTarget "Project2Tests" */;
			buildPhases = (
				894B34421C9C9E4800C37019 /* Sources */,
				894B34431C9C9E4800C37019 /* Frameworks */,
				894B34441C9C9E4800C37019 /* Resources */,
			);
			buildRules = (
			);
			dependencies = (
				894B34481C9C9E4800C37019 /* PBXTargetDependency */,
			);
			name = Project2Tests;
			productName = Project2Tests;
			productReference = 894B34461C9C9E4800C37019 /* Project2Tests.xctest */;
			productType = "com.apple.product-type.bundle.unit-test";
		};
		894B34501C9C9E4800C37019 /* Project2UITests */ = {
			isa = PBXNativeTarget;
			buildConfigurationList = 894B34601C9C9E4800C37019 /* Build configuration list for PBXNativeTarget "Project2UITests" */;
			buildPhases = (
				894B344D1C9C9E4800C37019 /* Sources */,
				894B344E1C9C9E4800C37019 /* Frameworks */,
				894B344F1C9C9E4800C37019 /* Resources */,
			);
			buildRules = (
			);
			dependencies = (
				894B34531C9C9E4800C37019 /* PBXTargetDependency */,
			);
			name = Project2UITests;
			productName = Project2UITests;
			productReference = 894B34511C9C9E4800C37019 /* Project2UITests.xctest */;
			productType = "com.apple.product-type.bundle.ui-testing";
		};
/* End PBXNativeTarget section */

/* Begin PBXProject section */
		894B342A1C9C9E4800C37019 /* Project object */ = {
			isa = PBXProject;
			attributes = {
				LastSwiftUpdateCheck = 0720;
				LastUpgradeCheck = 0720;
				ORGANIZATIONNAME = "Keri Clowes";
				TargetAttributes = {
					894B34311C9C9E4800C37019 = {
						CreatedOnToolsVersion = 7.2.1;
					};
					894B34451C9C9E4800C37019 = {
						CreatedOnToolsVersion = 7.2.1;
						TestTargetID = 894B34311C9C9E4800C37019;
					};
					894B34501C9C9E4800C37019 = {
						CreatedOnToolsVersion = 7.2.1;
						TestTargetID = 894B34311C9C9E4800C37019;
					};
				};
			};
			buildConfigurationList = 894B342D1C9C9E4800C37019 /* Build configuration list for PBXProject "Project2" */;
			compatibilityVersion = "Xcode 3.2";
			developmentRegion = English;
			hasScannedForEncodings = 0;
			knownRegions = (
				en,
				Base,
			);
			mainGroup = 894B34291C9C9E4800C37019;
			productRefGroup = 894B34331C9C9E4800C37019 /* Products */;
			projectDirPath = "";
			projectRoot = "";
			targets = (
				894B34311C9C9E4800C37019 /* Project2 */,
				894B34451C9C9E4800C37019 /* Project2Tests */,
				894B34501C9C9E4800C37019 /* Project2UITests */,
			);
		};
/* End PBXProject section */

/* Begin PBXResourcesBuildPhase section */
		894B34301C9C9E4800C37019 /* Resources */ = {
			isa = PBXResourcesBuildPhase;
			buildActionMask = 2147483647;
			files = (
				894B34401C9C9E4800C37019 /* LaunchScreen.storyboard in Resources */,
				894B343D1C9C9E4800C37019 /* Assets.xcassets in Resources */,
				894B343B1C9C9E4800C37019 /* Main.storyboard in Resources */,
			);
			runOnlyForDeploymentPostprocessing = 0;
		};
		894B34441C9C9E4800C37019 /* Resources */ = {
			isa = PBXResourcesBuildPhase;
			buildActionMask = 2147483647;
			files = (
			);
			runOnlyForDeploymentPostprocessing = 0;
		};
		894B344F1C9C9E4800C37019 /* Resources */ = {
			isa = PBXResourcesBuildPhase;
			buildActionMask = 2147483647;
			files = (
			);
			runOnlyForDeploymentPostprocessing = 0;
		};
/* End PBXResourcesBuildPhase section */

/* Begin PBXSourcesBuildPhase section */
		894B342E1C9C9E4800C37019 /* Sources */ = {
			isa = PBXSourcesBuildPhase;
			buildActionMask = 2147483647;
			files = (
				894B34381C9C9E4800C37019 /* ViewController.swift in Sources */,
				894B34361C9C9E4800C37019 /* AppDelegate.swift in Sources */,
			);
			runOnlyForDeploymentPostprocessing = 0;
		};
		894B34421C9C9E4800C37019 /* Sources */ = {
			isa = PBXSourcesBuildPhase;
			buildActionMask = 2147483647;
			files = (
				894B344B1C9C9E4800C37019 /* Project2Tests.swift in Sources */,
			);
			runOnlyForDeploymentPostprocessing = 0;
		};
		894B344D1C9C9E4800C37019 /* Sources */ = {
			isa = PBXSourcesBuildPhase;
			buildActionMask = 2147483647;
			files = (
				894B34561C9C9E4800C37019 /* Project2UITests.swift in Sources */,
			);
			runOnlyForDeploymentPostprocessing = 0;
		};
/* End PBXSourcesBuildPhase section */

/* Begin PBXTargetDependency section */
		894B34481C9C9E4800C37019 /* PBXTargetDependency */ = {
			isa = PBXTargetDependency;
			target = 894B34311C9C9E4800C37019 /* Project2 */;
			targetProxy = 894B34471C9C9E4800C37019 /* PBXContainerItemProxy */;
		};
		894B34531C9C9E4800C37019 /* PBXTargetDependency */ = {
			isa = PBXTargetDependency;
			target = 894B34311C9C9E4800C37019 /* Project2 */;
			targetProxy = 894B34521C9C9E4800C37019 /* PBXContainerItemProxy */;
		};
/* End PBXTargetDependency section */

/* Begin PBXVariantGroup section */
		894B34391C9C9E4800C37019 /* Main.storyboard */ = {
			isa = PBXVariantGroup;
			children = (
				894B343A1C9C9E4800C37019 /* Base */,
			);
			name = Main.storyboard;
			sourceTree = "<group>";
		};
		894B343E1C9C9E4800C37019 /* LaunchScreen.storyboard */ = {
			isa = PBXVariantGroup;
			children = (
				894B343F1C9C9E4800C37019 /* Base */,
			);
			name = LaunchScreen.storyboard;
			sourceTree = "<group>";
		};
/* End PBXVariantGroup section */

/* Begin XCBuildConfiguration section */
		894B34581C9C9E4800C37019 /* Debug */ = {
			isa = XCBuildConfiguration;
			buildSettings = {
				ALWAYS_SEARCH_USER_PATHS = NO;
				CLANG_CXX_LANGUAGE_STANDARD = "gnu++0x";
				CLANG_CXX_LIBRARY = "libc++";
				CLANG_ENABLE_MODULES = YES;
				CLANG_ENABLE_OBJC_ARC = YES;
				CLANG_WARN_BOOL_CONVERSION = YES;
				CLANG_WARN_CONSTANT_CONVERSION = YES;
				CLANG_WARN_DIRECT_OBJC_ISA_USAGE = YES_ERROR;
				CLANG_WARN_EMPTY_BODY = YES;
				CLANG_WARN_ENUM_CONVERSION = YES;
				CLANG_WARN_INT_CONVERSION = YES;
				CLANG_WARN_OBJC_ROOT_CLASS = YES_ERROR;
				CLANG_WARN_UNREACHABLE_CODE = YES;
				CLANG_WARN__DUPLICATE_METHOD_MATCH = YES;
				"CODE_SIGN_IDENTITY[sdk=iphoneos*]" = "iPhone Developer";
				COPY_PHASE_STRIP = NO;
				DEBUG_INFORMATION_FORMAT = dwarf;
				ENABLE_STRICT_OBJC_MSGSEND = YES;
				ENABLE_TESTABILITY = YES;
				GCC_C_LANGUAGE_STANDARD = gnu99;
				GCC_DYNAMIC_NO_PIC = NO;
				GCC_NO_COMMON_BLOCKS = YES;
				GCC_OPTIMIZATION_LEVEL = 0;
				GCC_PREPROCESSOR_DEFINITIONS = (
					"DEBUG=1",
					"$(inherited)",
				);
				GCC_WARN_64_TO_32_BIT_CONVERSION = YES;
				GCC_WARN_ABOUT_RETURN_TYPE = YES_ERROR;
				GCC_WARN_UNDECLARED_SELECTOR = YES;
				GCC_WARN_UNINITIALIZED_AUTOS = YES_AGGRESSIVE;
				GCC_WARN_UNUSED_FUNCTION = YES;
				GCC_WARN_UNUSED_VARIABLE = YES;
				IPHONEOS_DEPLOYMENT_TARGET = 9.2;
				MTL_ENABLE_DEBUG_INFO = YES;
				ONLY_ACTIVE_ARCH = YES;
				SDKROOT = iphoneos;
				SWIFT_OPTIMIZATION_LEVEL = "-Onone";
				TARGETED_DEVICE_FAMILY = "1,2";
			};
			name = Debug;
		};
		894B34591C9C9E4800C37019 /* Release */ = {
			isa = XCBuildConfiguration;
			buildSettings = {
				ALWAYS_SEARCH_USER_PATHS = NO;
				CLANG_CXX_LANGUAGE_STANDARD = "gnu++0x";
				CLANG_CXX_LIBRARY = "libc++";
				CLANG_ENABLE_MODULES = YES;
				CLANG_ENABLE_OBJC_ARC = YES;
				CLANG_WARN_BOOL_CONVERSION = YES;
				CLANG_WARN_CONSTANT_CONVERSION = YES;
				CLANG_WARN_DIRECT_OBJC_ISA_USAGE = YES_ERROR;
				CLANG_WARN_EMPTY_BODY = YES;
				CLANG_WARN_ENUM_CONVERSION = YES;
				CLANG_WARN_INT_CONVERSION = YES;
				CLANG_WARN_OBJC_ROOT_CLASS = YES_ERROR;
				CLANG_WARN_UNREACHABLE_CODE = YES;
				CLANG_WARN__DUPLICATE_METHOD_MATCH = YES;
				"CODE_SIGN_IDENTITY[sdk=iphoneos*]" = "iPhone Developer";
				COPY_PHASE_STRIP = NO;
				DEBUG_INFORMATION_FORMAT = "dwarf-with-dsym";
				ENABLE_NS_ASSERTIONS = NO;
				ENABLE_STRICT_OBJC_MSGSEND = YES;
				GCC_C_LANGUAGE_STANDARD = gnu99;
				GCC_NO_COMMON_BLOCKS = YES;
				GCC_WARN_64_TO_32_BIT_CONVERSION = YES;
				GCC_WARN_ABOUT_RETURN_TYPE = YES_ERROR;
				GCC_WARN_UNDECLARED_SELECTOR = YES;
				GCC_WARN_UNINITIALIZED_AUTOS = YES_AGGRESSIVE;
				GCC_WARN_UNUSED_FUNCTION = YES;
				GCC_WARN_UNUSED_VARIABLE = YES;
				IPHONEOS_DEPLOYMENT_TARGET = 9.2;
				MTL_ENABLE_DEBUG_INFO = NO;
				SDKROOT = iphoneos;
				TARGETED_DEVICE_FAMILY = "1,2";
				VALIDATE_PRODUCT = YES;
			};
			name = Release;
		};
		894B345B1C9C9E4800C37019 /* Debug */ = {
			isa = XCBuildConfiguration;
			buildSettings = {
				ASSETCATALOG_COMPILER_APPICON_NAME = AppIcon;
				INFOPLIST_FILE = Project2/Info.plist;
				LD_RUNPATH_SEARCH_PATHS = "$(inherited) @executable_path/Frameworks";
				PRODUCT_BUNDLE_IDENTIFIER = com.kc.Project2;
				PRODUCT_NAME = "$(TARGET_NAME)";
			};
			name = Debug;
		};
		894B345C1C9C9E4800C37019 /* Release */ = {
			isa = XCBuildConfiguration;
			buildSettings = {
				ASSETCATALOG_COMPILER_APPICON_NAME = AppIcon;
				INFOPLIST_FILE = Project2/Info.plist;
				LD_RUNPATH_SEARCH_PATHS = "$(inherited) @executable_path/Frameworks";
				PRODUCT_BUNDLE_IDENTIFIER = com.kc.Project2;
				PRODUCT_NAME = "$(TARGET_NAME)";
			};
			name = Release;
		};
		894B345E1C9C9E4800C37019 /* Debug */ = {
			isa = XCBuildConfiguration;
			buildSettings = {
				BUNDLE_LOADER = "$(TEST_HOST)";
				INFOPLIST_FILE = Project2Tests/Info.plist;
				LD_RUNPATH_SEARCH_PATHS = "$(inherited) @executable_path/Frameworks @loader_path/Frameworks";
				PRODUCT_BUNDLE_IDENTIFIER = com.kc.Project2Tests;
				PRODUCT_NAME = "$(TARGET_NAME)";
				TEST_HOST = "$(BUILT_PRODUCTS_DIR)/Project2.app/Project2";
			};
			name = Debug;
		};
		894B345F1C9C9E4800C37019 /* Release */ = {
			isa = XCBuildConfiguration;
			buildSettings = {
				BUNDLE_LOADER = "$(TEST_HOST)";
				INFOPLIST_FILE = Project2Tests/Info.plist;
				LD_RUNPATH_SEARCH_PATHS = "$(inherited) @executable_path/Frameworks @loader_path/Frameworks";
				PRODUCT_BUNDLE_IDENTIFIER = com.kc.Project2Tests;
				PRODUCT_NAME = "$(TARGET_NAME)";
				TEST_HOST = "$(BUILT_PRODUCTS_DIR)/Project2.app/Project2";
			};
			name = Release;
		};
		894B34611C9C9E4800C37019 /* Debug */ = {
			isa = XCBuildConfiguration;
			buildSettings = {
				INFOPLIST_FILE = Project2UITests/Info.plist;
				LD_RUNPATH_SEARCH_PATHS = "$(inherited) @executable_path/Frameworks @loader_path/Frameworks";
				PRODUCT_BUNDLE_IDENTIFIER = com.kc.Project2UITests;
				PRODUCT_NAME = "$(TARGET_NAME)";
				TEST_TARGET_NAME = Project2;
				USES_XCTRUNNER = YES;
			};
			name = Debug;
		};
		894B34621C9C9E4800C37019 /* Release */ = {
			isa = XCBuildConfiguration;
			buildSettings = {
				INFOPLIST_FILE = Project2UITests/Info.plist;
				LD_RUNPATH_SEARCH_PATHS = "$(inherited) @executable_path/Frameworks @loader_path/Frameworks";
				PRODUCT_BUNDLE_IDENTIFIER = com.kc.Project2UITests;
				PRODUCT_NAME = "$(TARGET_NAME)";
				TEST_TARGET_NAME = Project2;
				USES_XCTRUNNER = YES;
			};
			name = Release;
		};
/* End XCBuildConfiguration section */

/* Begin XCConfigurationList section */
		894B342D1C9C9E4800C37019 /* Build configuration list for PBXProject "Project2" */ = {
			isa = XCConfigurationList;
			buildConfigurations = (
				894B34581C9C9E4800C37019 /* Debug */,
				894B34591C9C9E4800C37019 /* Release */,
			);
			defaultConfigurationIsVisible = 0;
			defaultConfigurationName = Release;
		};
		894B345A1C9C9E4800C37019 /* Build configuration list for PBXNativeTarget "Project2" */ = {
			isa = XCConfigurationList;
			buildConfigurations = (
				894B345B1C9C9E4800C37019 /* Debug */,
				894B345C1C9C9E4800C37019 /* Release */,
			);
			defaultConfigurationIsVisible = 0;
		};
		894B345D1C9C9E4800C37019 /* Build configuration list for PBXNativeTarget "Project2Tests" */ = {
			isa = XCConfigurationList;
			buildConfigurations = (
				894B345E1C9C9E4800C37019 /* Debug */,
				894B345F1C9C9E4800C37019 /* Release */,
			);
			defaultConfigurationIsVisible = 0;
		};
		894B34601C9C9E4800C37019 /* Build configuration list for PBXNativeTarget "Project2UITests" */ = {
			isa = XCConfigurationList;
			buildConfigurations = (
				894B34611C9C9E4800C37019 /* Debug */,
				894B34621C9C9E4800C37019 /* Release */,
			);
			defaultConfigurationIsVisible = 0;
		};
/* End XCConfigurationList section */
	};
	rootObject = 894B342A1C9C9E4800C37019 /* Project object */;
}
